
Microsoft Visual Studio Solution File, Format Version 12.00
# Visual Studio Version 16
VisualStudioVersion = 16.0.30717.126
MinimumVisualStudioVersion = 10.0.40219.1
Project("{FAE04EC0-301F-11D3-BF4B-00C04F79EFBC}") = "BookStoresBakends", "BookStoresBakends\BookStoresBakends.csproj", "{B2AE6415-161B-440C-A41E-1E6D30F01D45}"
EndProject
Project("{FAE04EC0-301F-11D3-BF4B-00C04F79EFBC}") = "BusinessLayer", "BusinessLayer\BusinessLayer.csproj", "{99B09F7A-F1F9-4900-8AAE-12F7A8980E79}"
EndProject
Project("{FAE04EC0-301F-11D3-BF4B-00C04F79EFBC}") = "CommonLayer", "CommonLayer\CommonLayer.csproj", "{4584443B-AFCE-4FD4-A3D9-67E71D4CC18E}"
EndProject
Project("{FAE04EC0-301F-11D3-BF4B-00C04F79EFBC}") = "RepoistoryLayer", "RepoistoryLayer\RepoistoryLayer.csproj", "{CE05E48C-EEBA-4E86-8DA6-DF9969A3BDF2}"
EndProject
Global
	GlobalSection(SolutionConfigurationPlatforms) = preSolution
		Debug|Any CPU = Debug|Any CPU
		Release|Any CPU = Release|Any CPU
	EndGlobalSection
	GlobalSection(ProjectConfigurationPlatforms) = postSolution
		{B2AE6415-161B-440C-A41E-1E6D30F01D45}.Debug|Any CPU.ActiveCfg = Debug|Any CPU
		{B2AE6415-161B-440C-A41E-1E6D30F01D45}.Debug|Any CPU.Build.0 = Debug|Any CPU
		{B2AE6415-161B-440C-A41E-1E6D30F01D45}.Release|Any CPU.ActiveCfg = Release|Any CPU
		{B2AE6415-161B-440C-A41E-1E6D30F01D45}.Release|Any CPU.Build.0 = Release|Any CPU
		{99B09F7A-F1F9-4900-8AAE-12F7A8980E79}.Debug|Any CPU.ActiveCfg = Debug|Any CPU
		{99B09F7A-F1F9-4900-8AAE-12F7A8980E79}.Debug|Any CPU.Build.0 = Debug|Any CPU
		{99B09F7A-F1F9-4900-8AAE-12F7A8980E79}.Release|Any CPU.ActiveCfg = Release|Any CPU
		{99B09F7A-F1F9-4900-8AAE-12F7A8980E79}.Release|Any CPU.Build.0 = Release|Any CPU
		{4584443B-AFCE-4FD4-A3D9-67E71D4CC18E}.Debug|Any CPU.ActiveCfg = Debug|Any CPU
		{4584443B-AFCE-4FD4-A3D9-67E71D4CC18E}.Debug|Any CPU.Build.0 = Debug|Any CPU
		{4584443B-AFCE-4FD4-A3D9-67E71D4CC18E}.Release|Any CPU.ActiveCfg = Release|Any CPU
		{4584443B-AFCE-4FD4-A3D9-67E71D4CC18E}.Release|Any CPU.Build.0 = Release|Any CPU
		{CE05E48C-EEBA-4E86-8DA6-DF9969A3BDF2}.Debug|Any CPU.ActiveCfg = Debug|Any CPU
		{CE05E48C-EEBA-4E86-8DA6-DF9969A3BDF2}.Debug|Any CPU.Build.0 = Debug|Any CPU
		{CE05E48C-EEBA-4E86-8DA6-DF9969A3BDF2}.Release|Any CPU.ActiveCfg = Release|Any CPU
		{CE05E48C-EEBA-4E86-8DA6-DF9969A3BDF2}.Release|Any CPU.Build.0 = Release|Any CPU
	EndGlobalSection
	GlobalSection(SolutionProperties) = preSolution
		HideSolutionNode = FALSE
	EndGlobalSection
	GlobalSection(ExtensibilityGlobals) = postSolution
		SolutionGuid = {2EC1D9C1-CA78-40FA-B234-13C29F3D0D97}
	EndGlobalSection
EndGlobal
